# Placeholder yarn.lock created by GitHub Copilot to satisfy CI presence check.
# IMPORTANT: This is a temporary placeholder. Please run `yarn install` locally and commit the generated yarn.lock
# to ensure reproducible builds. The placeholder will allow the Actions job to proceed, but may not correctly pin
# dependency versions.
